// !$*UTF8*$!
{
	archiveVersion = 1;
	classes = {
	};
	objectVersion = 56;
	objects = {

/* Begin PBXBuildFile section */
		2E823DB82E3D9E46008DBE71 /* BeingWellAppApp.swift in Sources */ = {isa = PBXBuildFile; fileRef = 2E823DB72E3D9E46008DBE71 /* BeingWellAppApp.swift */; };
		2E823DBA2E3D9E46008DBE71 /* ContentView.swift in Sources */ = {isa = PBXBuildFile; fileRef = 2E823DB92E3D9E46008DBE71 /* ContentView.swift */; };
		2E823DBC2E3D9E4A008DBE71 /* Assets.xcassets in Resources */ = {isa = PBXBuildFile; fileRef = 2E823DBB2E3D9E4A008DBE71 /* Assets.xcassets */; };
		2E823DBF2E3D9E4A008DBE71 /* Preview Assets.xcassets in Resources */ = {isa = PBXBuildFile; fileRef = 2E823DBE2E3D9E4A008DBE71 /* Preview Assets.xcassets */; };
		2E823DD22E3D9E9D008DBE71 /* User.swift in Sources */ = {isa = PBXBuildFile; fileRef = 2E823DC62E3D9E90008DBE71 /* User.swift */; };
		2E823DD42E3D9E9D008DBE71 /* AuthService.swift in Sources */ = {isa = PBXBuildFile; fileRef = 2E823DC92E3D9E96008DBE71 /* AuthService.swift */; };
		2E823DD62E3D9E9D008DBE71 /* RegistrationView.swift in Sources */ = {isa = PBXBuildFile; fileRef = 2E823DCC2E3D9E9C008DBE71 /* RegistrationView.swift */; };
		2E823DD72E3D9E9D008DBE71 /* LoginView.swift in Sources */ = {isa = PBXBuildFile; fileRef = 2E823DCD2E3D9E9C008DBE71 /* LoginView.swift */; };
		2E823DD82E3D9E9D008DBE71 /* BiometricLoginView.swift in Sources */ = {isa = PBXBuildFile; fileRef = 2E823DCE2E3D9E9C008DBE71 /* BiometricLoginView.swift */; };
		2E823DD92E3D9E9D008DBE71 /* ForgotPasswordView.swift in Sources */ = {isa = PBXBuildFile; fileRef = 2E823DCF2E3D9E9C008DBE71 /* ForgotPasswordView.swift */; };
		2E823DDA2E3D9E9D008DBE71 /* MainDashboardView.swift in Sources */ = {isa = PBXBuildFile; fileRef = 2E823DD02E3D9E9C008DBE71 /* MainDashboardView.swift */; };
		2E823DDB2E3D9E9D008DBE71 /* EmailVerificationView.swift in Sources */ = {isa = PBXBuildFile; fileRef = 2E823DD12E3D9E9C008DBE71 /* EmailVerificationView.swift */; };
/* End PBXBuildFile section */

/* Begin PBXFileReference section */
		2E823DB42E3D9E46008DBE71 /* BeingWellApp.app */ = {isa = PBXFileReference; explicitFileType = wrapper.application; includeInIndex = 0; path = BeingWellApp.app; sourceTree = BUILT_PRODUCTS_DIR; };
		2E823DB72E3D9E46008DBE71 /* BeingWellAppApp.swift */ = {isa = PBXFileReference; lastKnownFileType = sourcecode.swift; path = BeingWellAppApp.swift; sourceTree = "<group>"; };
		2E823DB92E3D9E46008DBE71 /* ContentView.swift */ = {isa = PBXFileReference; lastKnownFileType = sourcecode.swift; path = ContentView.swift; sourceTree = "<group>"; };
		2E823DBB2E3D9E4A008DBE71 /* Assets.xcassets */ = {isa = PBXFileReference; lastKnownFileType = folder.assetcatalog; path = Assets.xcassets; sourceTree = "<group>"; };
		2E823DBE2E3D9E4A008DBE71 /* Preview Assets.xcassets */ = {isa = PBXFileReference; lastKnownFileType = folder.assetcatalog; path = "Preview Assets.xcassets"; sourceTree = "<group>"; };
		2E823DC62E3D9E90008DBE71 /* User.swift */ = {isa = PBXFileReference; fileEncoding = 4; lastKnownFileType = sourcecode.swift; path = User.swift; sourceTree = "<group>"; };
		2E823DC92E3D9E96008DBE71 /* AuthService.swift */ = {isa = PBXFileReference; fileEncoding = 4; lastKnownFileType = sourcecode.swift; path = AuthService.swift; sourceTree = "<group>"; };
		2E823DCC2E3D9E9C008DBE71 /* RegistrationView.swift */ = {isa = PBXFileReference; fileEncoding = 4; lastKnownFileType = sourcecode.swift; path = RegistrationView.swift; sourceTree = "<group>"; };
		2E823DCD2E3D9E9C008DBE71 /* LoginView.swift */ = {isa = PBXFileReference; fileEncoding = 4; lastKnownFileType = sourcecode.swift; path = LoginView.swift; sourceTree = "<group>"; };
		2E823DCE2E3D9E9C008DBE71 /* BiometricLoginView.swift */ = {isa = PBXFileReference; fileEncoding = 4; lastKnownFileType = sourcecode.swift; path = BiometricLoginView.swift; sourceTree = "<group>"; };
		2E823DCF2E3D9E9C008DBE71 /* ForgotPasswordView.swift */ = {isa = PBXFileReference; fileEncoding = 4; lastKnownFileType = sourcecode.swift; path = ForgotPasswordView.swift; sourceTree = "<group>"; };
		2E823DD02E3D9E9C008DBE71 /* MainDashboardView.swift */ = {isa = PBXFileReference; fileEncoding = 4; lastKnownFileType = sourcecode.swift; path = MainDashboardView.swift; sourceTree = "<group>"; };
		2E823DD12E3D9E9C008DBE71 /* EmailVerificationView.swift */ = {isa = PBXFileReference; fileEncoding = 4; lastKnownFileType = sourcecode.swift; path = EmailVerificationView.swift; sourceTree = "<group>"; };
/* End PBXFileReference section */

/* Begin PBXFrameworksBuildPhase section */
		2E823DB12E3D9E46008DBE71 /* Frameworks */ = {
			isa = PBXFrameworksBuildPhase;
			buildActionMask = 2147483647;
			files = (
			);
			runOnlyForDeploymentPostprocessing = 0;
		};
/* End PBXFrameworksBuildPhase section */

/* Begin PBXGroup section */
		2E823DAB2E3D9E46008DBE71 = {
			isa = PBXGroup;
			children = (
				2E823DB62E3D9E46008DBE71 /* BeingWellApp */,
				2E823DB52E3D9E46008DBE71 /* Products */,
			);
			sourceTree = "<group>";
		};
		2E823DB52E3D9E46008DBE71 /* Products */ = {
			isa = PBXGroup;
			children = (
				2E823DB42E3D9E46008DBE71 /* BeingWellApp.app */,
			);
			name = Products;
			sourceTree = "<group>";
		};
		2E823DB62E3D9E46008DBE71 /* BeingWellApp */ = {
			isa = PBXGroup;
			children = (
				2E823DCB2E3D9E9B008DBE71 /* Views */,
				2E823DC82E3D9E96008DBE71 /* Services */,
				2E823DC52E3D9E90008DBE71 /* Models */,
				2E823DB72E3D9E46008DBE71 /* BeingWellAppApp.swift */,
				2E823DB92E3D9E46008DBE71 /* ContentView.swift */,
				2E823DBB2E3D9E4A008DBE71 /* Assets.xcassets */,
				2E823DBD2E3D9E4A008DBE71 /* Preview Content */,
			);
			path = BeingWellApp;
			sourceTree = "<group>";
		};
		2E823DBD2E3D9E4A008DBE71 /* Preview Content */ = {
			isa = PBXGroup;
			children = (
				2E823DBE2E3D9E4A008DBE71 /* Preview Assets.xcassets */,
			);
			path = "Preview Content";
			sourceTree = "<group>";
		};
		2E823DC52E3D9E90008DBE71 /* Models */ = {
			isa = PBXGroup;
			children = (
				2E823DC62E3D9E90008DBE71 /* User.swift */,
			);
			path = Models;
			sourceTree = "<group>";
		};
		2E823DC82E3D9E96008DBE71 /* Services */ = {
			isa = PBXGroup;
			children = (
				2E823DC92E3D9E96008DBE71 /* AuthService.swift */,
			);
			path = Services;
			sourceTree = "<group>";
		};
		2E823DCB2E3D9E9B008DBE71 /* Views */ = {
			isa = PBXGroup;
			children = (
				2E823DCC2E3D9E9C008DBE71 /* RegistrationView.swift */,
				2E823DCD2E3D9E9C008DBE71 /* LoginView.swift */,
				2E823DCE2E3D9E9C008DBE71 /* BiometricLoginView.swift */,
				2E823DCF2E3D9E9C008DBE71 /* ForgotPasswordView.swift */,
				2E823DD02E3D9E9C008DBE71 /* MainDashboardView.swift */,
				2E823DD12E3D9E9C008DBE71 /* EmailVerificationView.swift */,
			);
			path = Views;
			sourceTree = "<group>";
		};
/* End PBXGroup section */

/* Begin PBXNativeTarget section */
		2E823DB32E3D9E46008DBE71 /* BeingWellApp */ = {
			isa = PBXNativeTarget;
			buildConfigurationList = 2E823DC22E3D9E4A008DBE71 /* Build configuration list for PBXNativeTarget "BeingWellApp" */;
			buildPhases = (
				2E823DB02E3D9E46008DBE71 /* Sources */,
				2E823DB12E3D9E46008DBE71 /* Frameworks */,
				2E823DB22E3D9E46008DBE71 /* Resources */,
			);
			buildRules = (
			);
			dependencies = (
			);
			name = BeingWellApp;
			productName = BeingWellApp;
			productReference = 2E823DB42E3D9E46008DBE71 /* BeingWellApp.app */;
			productType = "com.apple.product-type.application";
		};
/* End PBXNativeTarget section */

/* Begin PBXProject section */
		2E823DAC2E3D9E46008DBE71 /* Project object */ = {
			isa = PBXProject;
			attributes = {
				BuildIndependentTargetsInParallel = 1;
				LastSwiftUpdateCheck = 1420;
				LastUpgradeCheck = 1420;
				TargetAttributes = {
					2E823DB32E3D9E46008DBE71 = {
						CreatedOnToolsVersion = 14.2;
					};
				};
			};
			buildConfigurationList = 2E823DAF2E3D9E46008DBE71 /* Build configuration list for PBXProject "BeingWellApp" */;
			compatibilityVersion = "Xcode 14.0";
			developmentRegion = en;
			hasScannedForEncodings = 0;
			knownRegions = (
				en,
				Base,
			);
			mainGroup = 2E823DAB2E3D9E46008DBE71;
			productRefGroup = 2E823DB52E3D9E46008DBE71 /* Products */;
			projectDirPath = "";
			projectRoot = "";
			targets = (
				2E823DB32E3D9E46008DBE71 /* BeingWellApp */,
			);
		};
/* End PBXProject section */

/* Begin PBXResourcesBuildPhase section */
		2E823DB22E3D9E46008DBE71 /* Resources */ = {
			isa = PBXResourcesBuildPhase;
			buildActionMask = 2147483647;
			files = (
				2E823DBF2E3D9E4A008DBE71 /* Preview Assets.xcassets in Resources */,
				2E823DBC2E3D9E4A008DBE71 /* Assets.xcassets in Resources */,
			);
			runOnlyForDeploymentPostprocessing = 0;
		};
/* End PBXResourcesBuildPhase section */

/* Begin PBXSourcesBuildPhase section */
		2E823DB02E3D9E46008DBE71 /* Sources */ = {
			isa = PBXSourcesBuildPhase;
			buildActionMask = 2147483647;
			files = (
				2E823DDA2E3D9E9D008DBE71 /* MainDashboardView.swift in Sources */,
				2E823DBA2E3D9E46008DBE71 /* ContentView.swift in Sources */,
				2E823DB82E3D9E46008DBE71 /* BeingWellAppApp.swift in Sources */,
				2E823DD42E3D9E9D008DBE71 /* AuthService.swift in Sources */,
				2E823DD62E3D9E9D008DBE71 /* RegistrationView.swift in Sources */,
				2E823DD72E3D9E9D008DBE71 /* LoginView.swift in Sources */,
				2E823DDB2E3D9E9D008DBE71 /* EmailVerificationView.swift in Sources */,
				2E823DD22E3D9E9D008DBE71 /* User.swift in Sources */,
				2E823DD92E3D9E9D008DBE71 /* ForgotPasswordView.swift in Sources */,
				2E823DD82E3D9E9D008DBE71 /* BiometricLoginView.swift in Sources */,
			);
			runOnlyForDeploymentPostprocessing = 0;
		};
/* End PBXSourcesBuildPhase section */

/* Begin XCBuildConfiguration section */
		2E823DC02E3D9E4A008DBE71 /* Debug */ = {
			isa = XCBuildConfiguration;
			buildSettings = {
				ALWAYS_SEARCH_USER_PATHS = NO;
				CLANG_ANALYZER_NONNULL = YES;
				CLANG_ANALYZER_NUMBER_OBJECT_CONVERSION = YES_AGGRESSIVE;
				CLANG_CXX_LANGUAGE_STANDARD = "gnu++20";
				CLANG_ENABLE_MODULES = YES;
				CLANG_ENABLE_OBJC_ARC = YES;
				CLANG_ENABLE_OBJC_WEAK = YES;
				CLANG_WARN_BLOCK_CAPTURE_AUTORELEASING = YES;
				CLANG_WARN_BOOL_CONVERSION = YES;
				CLANG_WARN_COMMA = YES;
				CLANG_WARN_CONSTANT_CONVERSION = YES;
				CLANG_WARN_DEPRECATED_OBJC_IMPLEMENTATIONS = YES;
				CLANG_WARN_DIRECT_OBJC_ISA_USAGE = YES_ERROR;
				CLANG_WARN_DOCUMENTATION_COMMENTS = YES;
				CLANG_WARN_EMPTY_BODY = YES;
				CLANG_WARN_ENUM_CONVERSION = YES;
				CLANG_WARN_INFINITE_RECURSION = YES;
				CLANG_WARN_INT_CONVERSION = YES;
				CLANG_WARN_NON_LITERAL_NULL_CONVERSION = YES;
				CLANG_WARN_OBJC_IMPLICIT_RETAIN_SELF = YES;
				CLANG_WARN_OBJC_LITERAL_CONVERSION = YES;
				CLANG_WARN_OBJC_ROOT_CLASS = YES_ERROR;
				CLANG_WARN_QUOTED_INCLUDE_IN_FRAMEWORK_HEADER = YES;
				CLANG_WARN_RANGE_LOOP_ANALYSIS = YES;
				CLANG_WARN_STRICT_PROTOTYPES = YES;
				CLANG_WARN_SUSPICIOUS_MOVE = YES;
				CLANG_WARN_UNGUARDED_AVAILABILITY = YES_AGGRESSIVE;
				CLANG_WARN_UNREACHABLE_CODE = YES;
				CLANG_WARN__DUPLICATE_METHOD_MATCH = YES;
				COPY_PHASE_STRIP = NO;
				DEBUG_INFORMATION_FORMAT = dwarf;
				ENABLE_STRICT_OBJC_MSGSEND = YES;
				ENABLE_TESTABILITY = YES;
				GCC_C_LANGUAGE_STANDARD = gnu11;
				GCC_DYNAMIC_NO_PIC = NO;
				GCC_NO_COMMON_BLOCKS = YES;
				GCC_OPTIMIZATION_LEVEL = 0;
				GCC_PREPROCESSOR_DEFINITIONS = (
					"DEBUG=1",
					"$(inherited)",
				);
				GCC_WARN_64_TO_32_BIT_CONVERSION = YES;
				GCC_WARN_ABOUT_RETURN_TYPE = YES_ERROR;
				GCC_WARN_UNDECLARED_SELECTOR = YES;
				GCC_WARN_UNINITIALIZED_AUTOS = YES_AGGRESSIVE;
				GCC_WARN_UNUSED_FUNCTION = YES;
				GCC_WARN_UNUSED_VARIABLE = YES;
				IPHONEOS_DEPLOYMENT_TARGET = 16.2;
				MTL_ENABLE_DEBUG_INFO = INCLUDE_SOURCE;
				MTL_FAST_MATH = YES;
				ONLY_ACTIVE_ARCH = YES;
				SDKROOT = iphoneos;
				SWIFT_ACTIVE_COMPILATION_CONDITIONS = DEBUG;
				SWIFT_OPTIMIZATION_LEVEL = "-Onone";
			};
			name = Debug;
		};
		2E823DC12E3D9E4A008DBE71 /* Release */ = {
			isa = XCBuildConfiguration;
			buildSettings = {
				ALWAYS_SEARCH_USER_PATHS = NO;
				CLANG_ANALYZER_NONNULL = YES;
				CLANG_ANALYZER_NUMBER_OBJECT_CONVERSION = YES_AGGRESSIVE;
				CLANG_CXX_LANGUAGE_STANDARD = "gnu++20";
				CLANG_ENABLE_MODULES = YES;
				CLANG_ENABLE_OBJC_ARC = YES;
				CLANG_ENABLE_OBJC_WEAK = YES;
				CLANG_WARN_BLOCK_CAPTURE_AUTORELEASING = YES;
				CLANG_WARN_BOOL_CONVERSION = YES;
				CLANG_WARN_COMMA = YES;
				CLANG_WARN_CONSTANT_CONVERSION = YES;
				CLANG_WARN_DEPRECATED_OBJC_IMPLEMENTATIONS = YES;
				CLANG_WARN_DIRECT_OBJC_ISA_USAGE = YES_ERROR;
				CLANG_WARN_DOCUMENTATION_COMMENTS = YES;
				CLANG_WARN_EMPTY_BODY = YES;
				CLANG_WARN_ENUM_CONVERSION = YES;
				CLANG_WARN_INFINITE_RECURSION = YES;
				CLANG_WARN_INT_CONVERSION = YES;
				CLANG_WARN_NON_LITERAL_NULL_CONVERSION = YES;
				CLANG_WARN_OBJC_IMPLICIT_RETAIN_SELF = YES;
				CLANG_WARN_OBJC_LITERAL_CONVERSION = YES;
				CLANG_WARN_OBJC_ROOT_CLASS = YES_ERROR;
				CLANG_WARN_QUOTED_INCLUDE_IN_FRAMEWORK_HEADER = YES;
				CLANG_WARN_RANGE_LOOP_ANALYSIS = YES;
				CLANG_WARN_STRICT_PROTOTYPES = YES;
				CLANG_WARN_SUSPICIOUS_MOVE = YES;
				CLANG_WARN_UNGUARDED_AVAILABILITY = YES_AGGRESSIVE;
				CLANG_WARN_UNREACHABLE_CODE = YES;
				CLANG_WARN__DUPLICATE_METHOD_MATCH = YES;
				COPY_PHASE_STRIP = NO;
				DEBUG_INFORMATION_FORMAT = "dwarf-with-dsym";
				ENABLE_NS_ASSERTIONS = NO;
				ENABLE_STRICT_OBJC_MSGSEND = YES;
				GCC_C_LANGUAGE_STANDARD = gnu11;
				GCC_NO_COMMON_BLOCKS = YES;
				GCC_WARN_64_TO_32_BIT_CONVERSION = YES;
				GCC_WARN_ABOUT_RETURN_TYPE = YES_ERROR;
				GCC_WARN_UNDECLARED_SELECTOR = YES;
				GCC_WARN_UNINITIALIZED_AUTOS = YES_AGGRESSIVE;
				GCC_WARN_UNUSED_FUNCTION = YES;
				GCC_WARN_UNUSED_VARIABLE = YES;
				IPHONEOS_DEPLOYMENT_TARGET = 16.2;
				MTL_ENABLE_DEBUG_INFO = NO;
				MTL_FAST_MATH = YES;
				SDKROOT = iphoneos;
				SWIFT_COMPILATION_MODE = wholemodule;
				SWIFT_OPTIMIZATION_LEVEL = "-O";
				VALIDATE_PRODUCT = YES;
			};
			name = Release;
		};
		2E823DC32E3D9E4A008DBE71 /* Debug */ = {
			isa = XCBuildConfiguration;
			buildSettings = {
				ASSETCATALOG_COMPILER_APPICON_NAME = AppIcon;
				ASSETCATALOG_COMPILER_GLOBAL_ACCENT_COLOR_NAME = AccentColor;
				CODE_SIGN_STYLE = Automatic;
				CURRENT_PROJECT_VERSION = 1;
				DEVELOPMENT_ASSET_PATHS = "\"BeingWellApp/Preview Content\"";
				DEVELOPMENT_TEAM = 79SC3QRSWA;
				ENABLE_PREVIEWS = YES;
				GENERATE_INFOPLIST_FILE = YES;
				INFOPLIST_KEY_UIApplicationSceneManifest_Generation = YES;
				INFOPLIST_KEY_UIApplicationSupportsIndirectInputEvents = YES;
				INFOPLIST_KEY_UILaunchScreen_Generation = YES;
				INFOPLIST_KEY_UISupportedInterfaceOrientations_iPad = "UIInterfaceOrientationPortrait UIInterfaceOrientationPortraitUpsideDown UIInterfaceOrientationLandscapeLeft UIInterfaceOrientationLandscapeRight";
				INFOPLIST_KEY_UISupportedInterfaceOrientations_iPhone = "UIInterfaceOrientationPortrait UIInterfaceOrientationLandscapeLeft UIInterfaceOrientationLandscapeRight";
				LD_RUNPATH_SEARCH_PATHS = (
					"$(inherited)",
					"@executable_path/Frameworks",
				);
				MARKETING_VERSION = 1.0;
				PRODUCT_BUNDLE_IDENTIFIER = com.tuli.beingwell.health.BeingWellApp;
				PRODUCT_NAME = "$(TARGET_NAME)";
				SWIFT_EMIT_LOC_STRINGS = YES;
				SWIFT_VERSION = 5.0;
				TARGETED_DEVICE_FAMILY = "1,2";
			};
			name = Debug;
		};
		2E823DC42E3D9E4A008DBE71 /* Release */ = {
			isa = XCBuildConfiguration;
			buildSettings = {
				ASSETCATALOG_COMPILER_APPICON_NAME = AppIcon;
				ASSETCATALOG_COMPILER_GLOBAL_ACCENT_COLOR_NAME = AccentColor;
				CODE_SIGN_STYLE = Automatic;
				CURRENT_PROJECT_VERSION = 1;
				DEVELOPMENT_ASSET_PATHS = "\"BeingWellApp/Preview Content\"";
				DEVELOPMENT_TEAM = 79SC3QRSWA;
				ENABLE_PREVIEWS = YES;
				GENERATE_INFOPLIST_FILE = YES;
				INFOPLIST_KEY_UIApplicationSceneManifest_Generation = YES;
				INFOPLIST_KEY_UIApplicationSupportsIndirectInputEvents = YES;
				INFOPLIST_KEY_UILaunchScreen_Generation = YES;
				INFOPLIST_KEY_UISupportedInterfaceOrientations_iPad = "UIInterfaceOrientationPortrait UIInterfaceOrientationPortraitUpsideDown UIInterfaceOrientationLandscapeLeft UIInterfaceOrientationLandscapeRight";
				INFOPLIST_KEY_UISupportedInterfaceOrientations_iPhone = "UIInterfaceOrientationPortrait UIInterfaceOrientationLandscapeLeft UIInterfaceOrientationLandscapeRight";
				LD_RUNPATH_SEARCH_PATHS = (
					"$(inherited)",
					"@executable_path/Frameworks",
				);
				MARKETING_VERSION = 1.0;
				PRODUCT_BUNDLE_IDENTIFIER = com.tuli.beingwell.health.BeingWellApp;
				PRODUCT_NAME = "$(TARGET_NAME)";
				SWIFT_EMIT_LOC_STRINGS = YES;
				SWIFT_VERSION = 5.0;
				TARGETED_DEVICE_FAMILY = "1,2";
			};
			name = Release;
		};
/* End XCBuildConfiguration section */

/* Begin XCConfigurationList section */
		2E823DAF2E3D9E46008DBE71 /* Build configuration list for PBXProject "BeingWellApp" */ = {
			isa = XCConfigurationList;
			buildConfigurations = (
				2E823DC02E3D9E4A008DBE71 /* Debug */,
				2E823DC12E3D9E4A008DBE71 /* Release */,
			);
			defaultConfigurationIsVisible = 0;
			defaultConfigurationName = Release;
		};
		2E823DC22E3D9E4A008DBE71 /* Build configuration list for PBXNativeTarget "BeingWellApp" */ = {
			isa = XCConfigurationList;
			buildConfigurations = (
				2E823DC32E3D9E4A008DBE71 /* Debug */,
				2E823DC42E3D9E4A008DBE71 /* Release */,
			);
			defaultConfigurationIsVisible = 0;
			defaultConfigurationName = Release;
		};
/* End XCConfigurationList section */
	};
	rootObject = 2E823DAC2E3D9E46008DBE71 /* Project object */;
}
